
Microsoft Visual Studio Solution File, Format Version 12.00
# Visual Studio Version 16
VisualStudioVersion = 16.0.29409.12
MinimumVisualStudioVersion = 10.0.40219.1
Project("{9A19103F-16F7-4668-BE54-9A1E7A4F7556}") = "Bleak", "Bleak\Bleak.csproj", "{2636435E-6356-4B3F-B7D7-599FB0E00B32}"
EndProject
Global
	GlobalSection(SolutionConfigurationPlatforms) = preSolution
		Debug|Any CPU = Debug|Any CPU
		Release|Any CPU = Release|Any CPU
	EndGlobalSection
	GlobalSection(ProjectConfigurationPlatforms) = postSolution
		{2636435E-6356-4B3F-B7D7-599FB0E00B32}.Debug|Any CPU.ActiveCfg = Debug|Any CPU
		{2636435E-6356-4B3F-B7D7-599FB0E00B32}.Debug|Any CPU.Build.0 = Debug|Any CPU
		{2636435E-6356-4B3F-B7D7-599FB0E00B32}.Release|Any CPU.ActiveCfg = Release|Any CPU
		{2636435E-6356-4B3F-B7D7-599FB0E00B32}.Release|Any CPU.Build.0 = Release|Any CPU
	EndGlobalSection
	GlobalSection(SolutionProperties) = preSolution
		HideSolutionNode = FALSE
	EndGlobalSection
	GlobalSection(ExtensibilityGlobals) = postSolution
		SolutionGuid = {AD3EF2CA-7FFD-4F15-BE24-2681CF380307}
	EndGlobalSection
EndGlobal
