
Microsoft Visual Studio Solution File, Format Version 12.00
# Visual Studio 15
VisualStudioVersion = 15.0.28307.852
MinimumVisualStudioVersion = 10.0.40219.1
Project("{8BC9CEB8-8B4A-11D0-8D11-00A0C91BC942}") = "Wow", "Wow\Wow.vcxproj", "{6F8AF04E-4433-4E7F-B07E-2990259E01AC}"
EndProject
Project("{8BC9CEB8-8B4A-11D0-8D11-00A0C91BC942}") = "InjectMeDLL", "InjectMeDLL\InjectMeDLL.vcxproj", "{986A10D7-DCCE-4D28-9954-BC236A139687}"
EndProject
Project("{8BC9CEB8-8B4A-11D0-8D11-00A0C91BC942}") = "Injector", "Injector\Injector.vcxproj", "{A6A5EAA8-7316-4FAD-B5F2-421AEC0D0463}"
EndProject
Global
	GlobalSection(SolutionConfigurationPlatforms) = preSolution
		Debug|x64 = Debug|x64
		Debug|x86 = Debug|x86
		Release|x64 = Release|x64
		Release|x86 = Release|x86
	EndGlobalSection
	GlobalSection(ProjectConfigurationPlatforms) = postSolution
		{6F8AF04E-4433-4E7F-B07E-2990259E01AC}.Debug|x64.ActiveCfg = Debug|x64
		{6F8AF04E-4433-4E7F-B07E-2990259E01AC}.Debug|x64.Build.0 = Debug|x64
		{6F8AF04E-4433-4E7F-B07E-2990259E01AC}.Debug|x86.ActiveCfg = Debug|Win32
		{6F8AF04E-4433-4E7F-B07E-2990259E01AC}.Debug|x86.Build.0 = Debug|Win32
		{6F8AF04E-4433-4E7F-B07E-2990259E01AC}.Release|x64.ActiveCfg = Release|x64
		{6F8AF04E-4433-4E7F-B07E-2990259E01AC}.Release|x64.Build.0 = Release|x64
		{6F8AF04E-4433-4E7F-B07E-2990259E01AC}.Release|x86.ActiveCfg = Release|Win32
		{6F8AF04E-4433-4E7F-B07E-2990259E01AC}.Release|x86.Build.0 = Release|Win32
		{986A10D7-DCCE-4D28-9954-BC236A139687}.Debug|x64.ActiveCfg = Debug|x64
		{986A10D7-DCCE-4D28-9954-BC236A139687}.Debug|x64.Build.0 = Debug|x64
		{986A10D7-DCCE-4D28-9954-BC236A139687}.Debug|x86.ActiveCfg = Debug|Win32
		{986A10D7-DCCE-4D28-9954-BC236A139687}.Debug|x86.Build.0 = Debug|Win32
		{986A10D7-DCCE-4D28-9954-BC236A139687}.Release|x64.ActiveCfg = Release|x64
		{986A10D7-DCCE-4D28-9954-BC236A139687}.Release|x64.Build.0 = Release|x64
		{986A10D7-DCCE-4D28-9954-BC236A139687}.Release|x86.ActiveCfg = Release|Win32
		{986A10D7-DCCE-4D28-9954-BC236A139687}.Release|x86.Build.0 = Release|Win32
		{A6A5EAA8-7316-4FAD-B5F2-421AEC0D0463}.Debug|x64.ActiveCfg = Debug|x64
		{A6A5EAA8-7316-4FAD-B5F2-421AEC0D0463}.Debug|x64.Build.0 = Debug|x64
		{A6A5EAA8-7316-4FAD-B5F2-421AEC0D0463}.Debug|x86.ActiveCfg = Debug|Win32
		{A6A5EAA8-7316-4FAD-B5F2-421AEC0D0463}.Debug|x86.Build.0 = Debug|Win32
		{A6A5EAA8-7316-4FAD-B5F2-421AEC0D0463}.Release|x64.ActiveCfg = Release|x64
		{A6A5EAA8-7316-4FAD-B5F2-421AEC0D0463}.Release|x64.Build.0 = Release|x64
		{A6A5EAA8-7316-4FAD-B5F2-421AEC0D0463}.Release|x86.ActiveCfg = Release|Win32
		{A6A5EAA8-7316-4FAD-B5F2-421AEC0D0463}.Release|x86.Build.0 = Release|Win32
	EndGlobalSection
	GlobalSection(SolutionProperties) = preSolution
		HideSolutionNode = FALSE
	EndGlobalSection
	GlobalSection(ExtensibilityGlobals) = postSolution
		SolutionGuid = {92FC4A25-EB85-4018-A2B3-4847715BF64E}
	EndGlobalSection
EndGlobal
